# This file is generated by running "yarn install" inside your project.
# Manual changes might be lost - proceed with caution!

__metadata:
  version: 4

"argparse@npm:^1.0.7":
  version: 1.0.10
  resolution: "argparse@npm:1.0.10"
  dependencies:
    sprintf-js: ~1.0.2
  checksum: 3/435adaef5f6671c3ef1478a22be6fd54bdb99fdbbce8f5561b9cbbb05068ccce87b7df3b9f3322ff52a6ebb9cab2b427cbedac47a07611690a9beaa5184093e2
  languageName: node
  linkType: hard

"balanced-match@npm:^1.0.0":
  version: 1.0.0
  resolution: "balanced-match@npm:1.0.0"
  checksum: 3/f515a605fe1b59f476f7477c5e1d53ad55b4f42982fca1d57b6701906f4ad1f1ac90fd6587d92cc1af2edb43eecf979214dd847ee410a6de9db4ebf0dd128d62
  languageName: node
  linkType: hard

"brace-expansion@npm:^1.1.7":
  version: 1.1.11
  resolution: "brace-expansion@npm:1.1.11"
  dependencies:
    balanced-match: ^1.0.0
    concat-map: 0.0.1
  checksum: 3/4c878e25e4858baf801945dfd63eb68feab2e502cf1122f25f3915c0e3bf397af3a93ff6bef0798db41c0d81ef28c08e55daac38058710f749a3b96eee6b8f40
  languageName: node
  linkType: hard

"commander@npm:~2.9.0":
  version: 2.9.0
  resolution: "commander@npm:2.9.0"
  dependencies:
    graceful-readlink: ">= 1.0.0"
  checksum: 3/9b1fe7000d68e718b0b97b9f09626645cf833a5d8e5f29d409e731892170db201b71af6e7ff307d4dc327cd3cf26eb335cecf867ef91a9df91e61923511d8ebd
  languageName: node
  linkType: hard

"concat-map@npm:0.0.1":
  version: 0.0.1
  resolution: "concat-map@npm:0.0.1"
  checksum: 3/554e28d9ee5aa6e061795473ee092cb3d3a2cbdb76c35416e0bb6e03f136d7d07676da387b2ed0ec4106cedbb6534080d9abc48ecc4a92b76406cf2d0c3c0c4b
  languageName: node
  linkType: hard

"deep-extend@npm:^0.6.0":
  version: 0.6.0
  resolution: "deep-extend@npm:0.6.0"
  checksum: 3/856d7f52db152c19fc5a70439ea938461cfb9338a632496fe370050dc73d3291cd76fc6713f604a5c126612dee9cac0f6da1d4b88ba4b0caa4f7214345879b89
  languageName: node
  linkType: hard

"deep-extend@npm:~0.5.1":
  version: 0.5.1
  resolution: "deep-extend@npm:0.5.1"
  checksum: 3/478f1b1f167d1a9a25e35753f809c2d9038768ade62c43a6a24ff8fabe9f748a3e8713d3d74b32e116adda611958e1cbd02577b3226443e77740b43d240b0538
  languageName: node
  linkType: hard

"dice-docs@workspace:.":
  version: 0.0.0-use.local
  resolution: "dice-docs@workspace:."
  dependencies:
    markdownlint-cli: 0.23.1
  languageName: unknown
  linkType: soft

"entities@npm:~2.0.0":
  version: 2.0.0
  resolution: "entities@npm:2.0.0"
  checksum: 3/cc29118c9d4ddee373392bbf81fc4a3866f2efc76e9d1e87fdc5f9ed8c308ae146c494a6200a4917655e64f43756540007142a140557eed0dea1e3cff0d03486
  languageName: node
  linkType: hard

"esprima@npm:^4.0.0":
  version: 4.0.1
  resolution: "esprima@npm:4.0.1"
  bin:
    esparse: ./bin/esparse.js
    esvalidate: ./bin/esvalidate.js
  checksum: 3/5df45a3d9c95c36800d028ba76d8d4e04e199932b58c2939f462f859fd583e7d39b4a12d3f97986cf272a28a5fe5948ee6e49e36ef63f67b5b48d82a635c5081
  languageName: node
  linkType: hard

"fs.realpath@npm:^1.0.0":
  version: 1.0.0
  resolution: "fs.realpath@npm:1.0.0"
  checksum: 3/698a91b1695e3926185c9e5b0dd57cf687dceb4eb73799af91e6b2ab741735e2962c366c5af6403ffddae2619914193bd339efa706fdc984d0ffc74b7a3603f4
  languageName: node
  linkType: hard

"get-stdin@npm:~5.0.1":
  version: 5.0.1
  resolution: "get-stdin@npm:5.0.1"
  checksum: 3/a355ad406d78cb1d5bf297c8c8b8648ceb6ff52c8deb9c582f6f7bab3ff0619b5a86defbb0c286ff1e556cd2324dc4416b81f09d339d1763b7c970696f55cc42
  languageName: node
  linkType: hard

"glob@npm:~7.1.2":
  version: 7.1.3
  resolution: "glob@npm:7.1.3"
  dependencies:
    fs.realpath: ^1.0.0
    inflight: ^1.0.4
    inherits: 2
    minimatch: ^3.0.4
    once: ^1.3.0
    path-is-absolute: ^1.0.0
  checksum: 3/d9d1460afd650e0183bdf63a2b013ed5d29bddd7423699d6fdac30f4971bd0c3666c98b8074e9bf6b12b8f24fd21943cd6417c4947522a5a108e13c688149776
  languageName: node
  linkType: hard

"graceful-readlink@npm:>= 1.0.0":
  version: 1.0.1
  resolution: "graceful-readlink@npm:1.0.1"
  checksum: 3/a0675771561e8f8401ce4f8feddcc5bc3fc7370d7cc95c9dab3fff8e4bb6f69316072267075e2e54ecaeb2ba72019cf9bd334732cdb1582b5a0642dd33b5b0e0
  languageName: node
  linkType: hard

"ignore@npm:~5.1.4":
  version: 5.1.4
  resolution: "ignore@npm:5.1.4"
  checksum: 3/215721af976442f3836b5baa3c1e212c946aadb15609940f851d058b283c84950659bceb245faee7f5476a50d32999af4cdccb7f1c1e4446a728133584938e6c
  languageName: node
  linkType: hard

"inflight@npm:^1.0.4":
  version: 1.0.6
  resolution: "inflight@npm:1.0.6"
  dependencies:
    once: ^1.3.0
    wrappy: 1
  checksum: 3/17c53fc42cbe7f7f471d2bc41b97a0cde4b79a74d5ff59997d3f75210566fa278e17596da526d43de2bd07e222706240ce50e60097e54f2cde2e64cbbb372638
  languageName: node
  linkType: hard

"inherits@npm:2":
  version: 2.0.3
  resolution: "inherits@npm:2.0.3"
  checksum: 3/9488f9433effbc24474f6baee8014e5337c7f99305ecb4204fa5864ae7655c24225780d87fc65ed8d3d374715a18c5dc8c69fe3bf9745cde2e7acd0ac068a07b
  languageName: node
  linkType: hard

"ini@npm:~1.3.0":
  version: 1.3.5
  resolution: "ini@npm:1.3.5"
  checksum: 3/304a78d1e0ec49c6dc316b6a21bee5340ba85159c6581235b26a4cf27e2bac5f66f2c8f0e074ceaf3c48085f89fb974691cbf812df2128d2d74c5ef726d1b19a
  languageName: node
  linkType: hard

"js-yaml@npm:~3.13.1":
  version: 3.13.1
  resolution: "js-yaml@npm:3.13.1"
  dependencies:
    argparse: ^1.0.7
    esprima: ^4.0.0
  bin:
    js-yaml: bin/js-yaml.js
  checksum: 3/277157fdf235757b71cfbf24f6bef57576a26d9b4cf89b63d89c9044da7b0f9d16c3629c8b5fd549ae343523727a0df1598794e9a4429763cee4e17056ff8523
  languageName: node
  linkType: hard

"jsonc-parser@npm:~2.2.0":
  version: 2.2.1
  resolution: "jsonc-parser@npm:2.2.1"
  checksum: 3/183319fcd8cd1c3652b64c41a48fbeba26c464b6d33a93cde35373511b7d7e497fd18403509329f7297e97ff2c5dfd73251e9bd5c4ff9a01ea869ee5e98d620d
  languageName: node
  linkType: hard

"linkify-it@npm:^2.0.0":
  version: 2.1.0
  resolution: "linkify-it@npm:2.1.0"
  dependencies:
    uc.micro: ^1.0.1
  checksum: 3/a1f98f59627692df02ba08a96248da66774b4edbf0e3c15807d155fe363824411eed38902c9004538f2a70ca11bcfe600f9c5fc3082bf26ce084cbb42a3e78aa
  languageName: node
  linkType: hard

"lodash.differencewith@npm:~4.5.0":
  version: 4.5.0
  resolution: "lodash.differencewith@npm:4.5.0"
  checksum: 3/089b1e866f1d299e0b95a48b5caec31dbc8766d256e947b64551e4095c945a9ec67b3584a99e55b65a0dcbdad593e20334222b03866f30248056883a604d3e9c
  languageName: node
  linkType: hard

"lodash.flatten@npm:~4.4.0":
  version: 4.4.0
  resolution: "lodash.flatten@npm:4.4.0"
  checksum: 3/f22a7f6f163256d87345b07c76122e03d03abbf943b6c3aa5e5fafb7d5bce765013aedfc2aae7e649af0907287a2cf85de24237dbdd3ecd485a77d56e070b54c
  languageName: node
  linkType: hard

"markdown-it@npm:10.0.0":
  version: 10.0.0
  resolution: "markdown-it@npm:10.0.0"
  dependencies:
    argparse: ^1.0.7
    entities: ~2.0.0
    linkify-it: ^2.0.0
    mdurl: ^1.0.1
    uc.micro: ^1.0.5
  bin:
    markdown-it: bin/markdown-it.js
  checksum: 3/f0529067445a432fa5b32b6544e1aaa21d0ee54d43f28a3fb4d6afab271e17c749481da936529bb72a5544146cdd541757893c27f6b0ff8d45339b5cf3f98be5
  languageName: node
  linkType: hard

"markdownlint-cli@npm:0.23.1":
  version: 0.23.1
  resolution: "markdownlint-cli@npm:0.23.1"
  dependencies:
    commander: ~2.9.0
    deep-extend: ~0.5.1
    get-stdin: ~5.0.1
    glob: ~7.1.2
    ignore: ~5.1.4
    js-yaml: ~3.13.1
    jsonc-parser: ~2.2.0
    lodash.differencewith: ~4.5.0
    lodash.flatten: ~4.4.0
    markdownlint: ~0.20.3
    markdownlint-rule-helpers: ~0.10.0
    minimatch: ~3.0.4
    minimist: ~1.2.5
    rc: ~1.2.7
  bin:
    markdownlint: markdownlint.js
  checksum: 3/aa01a07137c8d37abf9353004251e7afff944db0e19f63069e2d099d0709f187541ae998f843110c5efa5d3093c62c71d3412fe0d7f6d81454a18e81e64ead0c
  languageName: node
  linkType: hard

"markdownlint-rule-helpers@npm:~0.10.0":
  version: 0.10.0
  resolution: "markdownlint-rule-helpers@npm:0.10.0"
  checksum: 3/c3a56d107977e7feb793e1dba76b3cc124ea94a900e58c20cbee5613ae6e042d23e7f2d6a41239f286aab459494e650096287fbe867da7413fb9fbf6f8d8f1f0
  languageName: node
  linkType: hard

"markdownlint@npm:~0.20.3":
  version: 0.20.3
  resolution: "markdownlint@npm:0.20.3"
  dependencies:
    markdown-it: 10.0.0
  checksum: 3/763cd489805f517642e1d72068c262720e8608273e071058e6b7703091c31de95e59e44242a4f9365d7a4ad3395f069402fd68db4b364a7f510543754aa2ae9d
  languageName: node
  linkType: hard

"mdurl@npm:^1.0.1":
  version: 1.0.1
  resolution: "mdurl@npm:1.0.1"
  checksum: 3/ed5e81efed218ca1cb61bbb5c41857c98ce456382d630a2f45a1b050087a10119a24107ca1acd4ccef2f1a17b02b8d61fb3c630d3d7c0f22df906dbdd2e5f7b5
  languageName: node
  linkType: hard

"minimatch@npm:^3.0.4, minimatch@npm:~3.0.4":
  version: 3.0.4
  resolution: "minimatch@npm:3.0.4"
  dependencies:
    brace-expansion: ^1.1.7
  checksum: 3/47eab9263962cacd5733e274ecad2d8e54b0f8e124ba35ae69189e296058f634a4967b87a98954f86fa5c830ff177caf827ce0136d28717ed3232951fb4fae62
  languageName: node
  linkType: hard

"minimist@npm:^1.2.0":
  version: 1.2.0
  resolution: "minimist@npm:1.2.0"
  checksum: 3/80a1a219c0243e870be65b9605e2711eb5ce08639ae4ea8d8bbf8997d4eafe8a6b2af856c3e19c33f51faf40025f23c7668c7b916bca6f72e1bc2cf9189526ff
  languageName: node
  linkType: hard

"minimist@npm:~1.2.5":
  version: 1.2.5
  resolution: "minimist@npm:1.2.5"
  checksum: 3/b77b8590147a4e217ff34266236bc39de23b52e6e33054076991ff674c7397a1380a7bde11111916f16f003a94aaa7e4f3d92595a32189644ff607fabc65a5b6
  languageName: node
  linkType: hard

"once@npm:^1.3.0":
  version: 1.4.0
  resolution: "once@npm:1.4.0"
  dependencies:
    wrappy: 1
  checksum: 3/57afc246536cf6494437f982b26475f22bee860f8b77ce8eb1543f42a8bffe04b2c66ddfea9a16cb25ccb80943f8ee4fc639367ef97b7a6a4f2672eb573963f5
  languageName: node
  linkType: hard

"path-is-absolute@npm:^1.0.0":
  version: 1.0.1
  resolution: "path-is-absolute@npm:1.0.1"
  checksum: 3/907e1e3e6ac0aef6e65adffd75b3892191d76a5b94c5cf26b43667c4240531d11872ca6979c209b2e5e1609f7f579d02f64ba9936b48bb59d36cc529f0d965ed
  languageName: node
  linkType: hard

"rc@npm:~1.2.7":
  version: 1.2.8
  resolution: "rc@npm:1.2.8"
  dependencies:
    deep-extend: ^0.6.0
    ini: ~1.3.0
    minimist: ^1.2.0
    strip-json-comments: ~2.0.1
  bin:
    rc: ./cli.js
  checksum: 3/ea2b7f7cee201a67923a2240de594a5d9b59bd312b814b06536d3d609a416dfd6fb9b85ea2abfd3b8a4eb5ed33eaff946ee75a8f2b7fb10941073c5cfee6b7a5
  languageName: node
  linkType: hard

"sprintf-js@npm:~1.0.2":
  version: 1.0.3
  resolution: "sprintf-js@npm:1.0.3"
  checksum: 3/51df1bce9e577287f56822d79ac5bd94f6c634fccf193895f2a1d2db2e975b6aa7bc97afae9cf11d49b7c37fe4afc188ff5c4878be91f2c86eabd11c5df8b62c
  languageName: node
  linkType: hard

"strip-json-comments@npm:~2.0.1":
  version: 2.0.1
  resolution: "strip-json-comments@npm:2.0.1"
  checksum: 3/e60d99aa2849c27a04dce0620334f45822197df6b83664dd3746971e9a0a766d989dbb8d87f9cb7350725d2b5df401a2343222ad06e36a1ba7d62c6633267fcb
  languageName: node
  linkType: hard

"uc.micro@npm:^1.0.1, uc.micro@npm:^1.0.5":
  version: 1.0.5
  resolution: "uc.micro@npm:1.0.5"
  checksum: 3/6ffc598c409b54143a2d1449d56dd24d673a3ec7aac5901025c1ca572b3394ca0640df6770ee255deedc13434b5aa8c783aab8a496c955017db7d07945e5a9f5
  languageName: node
  linkType: hard

"wrappy@npm:1":
  version: 1.0.2
  resolution: "wrappy@npm:1.0.2"
  checksum: 3/519fcda0fcdf0c16327be2de9d98646742307bc830277e8868529fcf7566f2b330a6453c233e0cdcb767d5838dd61a90984a02ecc983bcddebea5ad0833bbf98
  languageName: node
  linkType: hard
