# This file is generated by running "yarn install" inside your project.
# Manual changes might be lost - proceed with caution!

__metadata:
  version: 4

"docs-new@workspace:.":
  version: 0.0.0-use.local
  resolution: "docs-new@workspace:."
  dependencies:
    prettier: 2.0.5
  languageName: unknown
  linkType: soft

"prettier@npm:2.0.5":
  version: 2.0.5
  resolution: "prettier@npm:2.0.5"
  bin:
    prettier: bin-prettier.js
  checksum: 3/d249d89361870a29b20e8b268cb09e908490b8c9e21f70393d12a213701f29ba7e95b7f9ce0ad63929c16ce475176742481911737ae3da4a498873e4a3b90990
  languageName: node
  linkType: hard
